// !$*UTF8*$!
{
	archiveVersion = 1;
	classes = {
	};
	objectVersion = 52;
	objects = {

/* Begin PBXBuildFile section */
		9A860F2E253A8BED00F04F27 /* AppDelegate.swift in Sources */ = {isa = PBXBuildFile; fileRef = 9A860F2D253A8BED00F04F27 /* AppDelegate.swift */; };
		9A860F30253A8BED00F04F27 /* SceneDelegate.swift in Sources */ = {isa = PBXBuildFile; fileRef = 9A860F2F253A8BED00F04F27 /* SceneDelegate.swift */; };
		9A860F32253A8BED00F04F27 /* ViewController.swift in Sources */ = {isa = PBXBuildFile; fileRef = 9A860F31253A8BED00F04F27 /* ViewController.swift */; };
		9A860F35253A8BED00F04F27 /* Main.storyboard in Resources */ = {isa = PBXBuildFile; fileRef = 9A860F33253A8BED00F04F27 /* Main.storyboard */; };
		9A860F38253A8BED00F04F27 /* JRListArticle.xcdatamodeld in Sources */ = {isa = PBXBuildFile; fileRef = 9A860F36253A8BED00F04F27 /* JRListArticle.xcdatamodeld */; };
		9A860F3A253A8BF000F04F27 /* Assets.xcassets in Resources */ = {isa = PBXBuildFile; fileRef = 9A860F39253A8BF000F04F27 /* Assets.xcassets */; };
		9A860F3D253A8BF000F04F27 /* LaunchScreen.storyboard in Resources */ = {isa = PBXBuildFile; fileRef = 9A860F3B253A8BF000F04F27 /* LaunchScreen.storyboard */; };
		9A860F48253A8BF000F04F27 /* JRListArticleTests.swift in Sources */ = {isa = PBXBuildFile; fileRef = 9A860F47253A8BF000F04F27 /* JRListArticleTests.swift */; };
		9A860F53253A8BF000F04F27 /* JRListArticleUITests.swift in Sources */ = {isa = PBXBuildFile; fileRef = 9A860F52253A8BF000F04F27 /* JRListArticleUITests.swift */; };
		9A860F6A253A995800F04F27 /* ArticleModel.swift in Sources */ = {isa = PBXBuildFile; fileRef = 9A860F69253A995800F04F27 /* ArticleModel.swift */; };
		9A860F6F253A996100F04F27 /* HitModel.swift in Sources */ = {isa = PBXBuildFile; fileRef = 9A860F6E253A996100F04F27 /* HitModel.swift */; };
		9A860F79253A9A0B00F04F27 /* ArticleEntity.swift in Sources */ = {isa = PBXBuildFile; fileRef = 9A860F78253A9A0B00F04F27 /* ArticleEntity.swift */; };
		9A860F81253A9A1900F04F27 /* HitEntity.swift in Sources */ = {isa = PBXBuildFile; fileRef = 9A860F80253A9A1900F04F27 /* HitEntity.swift */; };
		9A860F8D253AA4E900F04F27 /* Alamofire in Frameworks */ = {isa = PBXBuildFile; productRef = 9A860F8C253AA4E900F04F27 /* Alamofire */; };
		9A860F94253AA75300F04F27 /* Rechability.swift in Sources */ = {isa = PBXBuildFile; fileRef = 9A860F93253AA75300F04F27 /* Rechability.swift */; };
		9A860F9D253B21BC00F04F27 /* TimberjackHelper.swift in Sources */ = {isa = PBXBuildFile; fileRef = 9A860F9C253B21BC00F04F27 /* TimberjackHelper.swift */; };
		9A860FA5253B23DE00F04F27 /* Configuration.swift in Sources */ = {isa = PBXBuildFile; fileRef = 9A860FA4253B23DE00F04F27 /* Configuration.swift */; };
		9A860FAC253B277D00F04F27 /* ArticleRequest.swift in Sources */ = {isa = PBXBuildFile; fileRef = 9A860FAB253B277D00F04F27 /* ArticleRequest.swift */; };
		9A860FB1253B279F00F04F27 /* HeadersRequest.swift in Sources */ = {isa = PBXBuildFile; fileRef = 9A860FB0253B279F00F04F27 /* HeadersRequest.swift */; };
		9A860FB6253B283700F04F27 /* Requestprotocol.swift in Sources */ = {isa = PBXBuildFile; fileRef = 9A860FB5253B283700F04F27 /* Requestprotocol.swift */; };
		9A860FC2253B2F0300F04F27 /* ServiceDataSourceProtocol.swift in Sources */ = {isa = PBXBuildFile; fileRef = 9A860FC1253B2F0300F04F27 /* ServiceDataSourceProtocol.swift */; };
		9A860FC8253B2FC300F04F27 /* ServiceDataSource.swift in Sources */ = {isa = PBXBuildFile; fileRef = 9A860FC7253B2FC300F04F27 /* ServiceDataSource.swift */; };
		9A860FD2253B35F200F04F27 /* ErrorEntity.swift in Sources */ = {isa = PBXBuildFile; fileRef = 9A860FD1253B35F200F04F27 /* ErrorEntity.swift */; };
		9A860FD9253B374C00F04F27 /* Localizable.strings in Resources */ = {isa = PBXBuildFile; fileRef = 9A860FD8253B374C00F04F27 /* Localizable.strings */; };
		9A860FDE253B388800F04F27 /* BaseResponseEntity.swift in Sources */ = {isa = PBXBuildFile; fileRef = 9A860FDD253B388800F04F27 /* BaseResponseEntity.swift */; };
		9A860FE3253B3D0D00F04F27 /* ServiceErrorHandler.swift in Sources */ = {isa = PBXBuildFile; fileRef = 9A860FE2253B3D0D00F04F27 /* ServiceErrorHandler.swift */; };
		9A860FE9253B3E0800F04F27 /* ErrorModel.swift in Sources */ = {isa = PBXBuildFile; fileRef = 9A860FE8253B3E0800F04F27 /* ErrorModel.swift */; };
		9A860FF8253B46DA00F04F27 /* ArticlesRepository.swift in Sources */ = {isa = PBXBuildFile; fileRef = 9A860FF7253B46DA00F04F27 /* ArticlesRepository.swift */; };
		9A860FFD253B471D00F04F27 /* ArticlesRepositoryProtocol.swift in Sources */ = {isa = PBXBuildFile; fileRef = 9A860FFC253B471D00F04F27 /* ArticlesRepositoryProtocol.swift */; };
		9A861005253B4C3A00F04F27 /* Interactor.swift in Sources */ = {isa = PBXBuildFile; fileRef = 9A861004253B4C3A00F04F27 /* Interactor.swift */; };
		9A86100B253B4CAD00F04F27 /* ArticlesInteractor.swift in Sources */ = {isa = PBXBuildFile; fileRef = 9A86100A253B4CAD00F04F27 /* ArticlesInteractor.swift */; };
		9A861018253B553A00F04F27 /* ListArticlesViewController.swift in Sources */ = {isa = PBXBuildFile; fileRef = 9A861017253B553A00F04F27 /* ListArticlesViewController.swift */; };
		9A86101D253B565700F04F27 /* ListArticlesConfigure.swift in Sources */ = {isa = PBXBuildFile; fileRef = 9A86101C253B565700F04F27 /* ListArticlesConfigure.swift */; };
		9A861022253B56A200F04F27 /* ListArticlesPresenter.swift in Sources */ = {isa = PBXBuildFile; fileRef = 9A861021253B56A200F04F27 /* ListArticlesPresenter.swift */; };
		9A861027253B56D000F04F27 /* ListArticlesRouter.swift in Sources */ = {isa = PBXBuildFile; fileRef = 9A861026253B56D000F04F27 /* ListArticlesRouter.swift */; };
/* End PBXBuildFile section */

/* Begin PBXContainerItemProxy section */
		9A860F44253A8BF000F04F27 /* PBXContainerItemProxy */ = {
			isa = PBXContainerItemProxy;
			containerPortal = 9A860F22253A8BED00F04F27 /* Project object */;
			proxyType = 1;
			remoteGlobalIDString = 9A860F29253A8BED00F04F27;
			remoteInfo = JRListArticle;
		};
		9A860F4F253A8BF000F04F27 /* PBXContainerItemProxy */ = {
			isa = PBXContainerItemProxy;
			containerPortal = 9A860F22253A8BED00F04F27 /* Project object */;
			proxyType = 1;
			remoteGlobalIDString = 9A860F29253A8BED00F04F27;
			remoteInfo = JRListArticle;
		};
/* End PBXContainerItemProxy section */

/* Begin PBXFileReference section */
		9A860F2A253A8BED00F04F27 /* JRListArticle.app */ = {isa = PBXFileReference; explicitFileType = wrapper.application; includeInIndex = 0; path = JRListArticle.app; sourceTree = BUILT_PRODUCTS_DIR; };
		9A860F2D253A8BED00F04F27 /* AppDelegate.swift */ = {isa = PBXFileReference; lastKnownFileType = sourcecode.swift; path = AppDelegate.swift; sourceTree = "<group>"; };
		9A860F2F253A8BED00F04F27 /* SceneDelegate.swift */ = {isa = PBXFileReference; lastKnownFileType = sourcecode.swift; path = SceneDelegate.swift; sourceTree = "<group>"; };
		9A860F31253A8BED00F04F27 /* ViewController.swift */ = {isa = PBXFileReference; lastKnownFileType = sourcecode.swift; path = ViewController.swift; sourceTree = "<group>"; };
		9A860F34253A8BED00F04F27 /* Base */ = {isa = PBXFileReference; lastKnownFileType = file.storyboard; name = Base; path = Base.lproj/Main.storyboard; sourceTree = "<group>"; };
		9A860F37253A8BED00F04F27 /* JRListArticle.xcdatamodel */ = {isa = PBXFileReference; lastKnownFileType = wrapper.xcdatamodel; path = JRListArticle.xcdatamodel; sourceTree = "<group>"; };
		9A860F39253A8BF000F04F27 /* Assets.xcassets */ = {isa = PBXFileReference; lastKnownFileType = folder.assetcatalog; path = Assets.xcassets; sourceTree = "<group>"; };
		9A860F3C253A8BF000F04F27 /* Base */ = {isa = PBXFileReference; lastKnownFileType = file.storyboard; name = Base; path = Base.lproj/LaunchScreen.storyboard; sourceTree = "<group>"; };
		9A860F3E253A8BF000F04F27 /* Info.plist */ = {isa = PBXFileReference; lastKnownFileType = text.plist.xml; path = Info.plist; sourceTree = "<group>"; };
		9A860F43253A8BF000F04F27 /* JRListArticleTests.xctest */ = {isa = PBXFileReference; explicitFileType = wrapper.cfbundle; includeInIndex = 0; path = JRListArticleTests.xctest; sourceTree = BUILT_PRODUCTS_DIR; };
		9A860F47253A8BF000F04F27 /* JRListArticleTests.swift */ = {isa = PBXFileReference; lastKnownFileType = sourcecode.swift; path = JRListArticleTests.swift; sourceTree = "<group>"; };
		9A860F49253A8BF000F04F27 /* Info.plist */ = {isa = PBXFileReference; lastKnownFileType = text.plist.xml; path = Info.plist; sourceTree = "<group>"; };
		9A860F4E253A8BF000F04F27 /* JRListArticleUITests.xctest */ = {isa = PBXFileReference; explicitFileType = wrapper.cfbundle; includeInIndex = 0; path = JRListArticleUITests.xctest; sourceTree = BUILT_PRODUCTS_DIR; };
		9A860F52253A8BF000F04F27 /* JRListArticleUITests.swift */ = {isa = PBXFileReference; lastKnownFileType = sourcecode.swift; path = JRListArticleUITests.swift; sourceTree = "<group>"; };
		9A860F54253A8BF000F04F27 /* Info.plist */ = {isa = PBXFileReference; lastKnownFileType = text.plist.xml; path = Info.plist; sourceTree = "<group>"; };
		9A860F69253A995800F04F27 /* ArticleModel.swift */ = {isa = PBXFileReference; lastKnownFileType = sourcecode.swift; path = ArticleModel.swift; sourceTree = "<group>"; };
		9A860F6E253A996100F04F27 /* HitModel.swift */ = {isa = PBXFileReference; lastKnownFileType = sourcecode.swift; path = HitModel.swift; sourceTree = "<group>"; };
		9A860F78253A9A0B00F04F27 /* ArticleEntity.swift */ = {isa = PBXFileReference; lastKnownFileType = sourcecode.swift; path = ArticleEntity.swift; sourceTree = "<group>"; };
		9A860F80253A9A1900F04F27 /* HitEntity.swift */ = {isa = PBXFileReference; lastKnownFileType = sourcecode.swift; path = HitEntity.swift; sourceTree = "<group>"; };
		9A860F93253AA75300F04F27 /* Rechability.swift */ = {isa = PBXFileReference; lastKnownFileType = sourcecode.swift; path = Rechability.swift; sourceTree = "<group>"; };
		9A860F9C253B21BC00F04F27 /* TimberjackHelper.swift */ = {isa = PBXFileReference; lastKnownFileType = sourcecode.swift; path = TimberjackHelper.swift; sourceTree = "<group>"; };
		9A860FA4253B23DE00F04F27 /* Configuration.swift */ = {isa = PBXFileReference; lastKnownFileType = sourcecode.swift; path = Configuration.swift; sourceTree = "<group>"; };
		9A860FAB253B277D00F04F27 /* ArticleRequest.swift */ = {isa = PBXFileReference; lastKnownFileType = sourcecode.swift; path = ArticleRequest.swift; sourceTree = "<group>"; };
		9A860FB0253B279F00F04F27 /* HeadersRequest.swift */ = {isa = PBXFileReference; lastKnownFileType = sourcecode.swift; path = HeadersRequest.swift; sourceTree = "<group>"; };
		9A860FB5253B283700F04F27 /* Requestprotocol.swift */ = {isa = PBXFileReference; lastKnownFileType = sourcecode.swift; path = Requestprotocol.swift; sourceTree = "<group>"; };
		9A860FC1253B2F0300F04F27 /* ServiceDataSourceProtocol.swift */ = {isa = PBXFileReference; lastKnownFileType = sourcecode.swift; path = ServiceDataSourceProtocol.swift; sourceTree = "<group>"; };
		9A860FC7253B2FC300F04F27 /* ServiceDataSource.swift */ = {isa = PBXFileReference; lastKnownFileType = sourcecode.swift; path = ServiceDataSource.swift; sourceTree = "<group>"; };
		9A860FD1253B35F200F04F27 /* ErrorEntity.swift */ = {isa = PBXFileReference; lastKnownFileType = sourcecode.swift; path = ErrorEntity.swift; sourceTree = "<group>"; };
		9A860FD8253B374C00F04F27 /* Localizable.strings */ = {isa = PBXFileReference; lastKnownFileType = text.plist.strings; path = Localizable.strings; sourceTree = "<group>"; };
		9A860FDD253B388800F04F27 /* BaseResponseEntity.swift */ = {isa = PBXFileReference; lastKnownFileType = sourcecode.swift; path = BaseResponseEntity.swift; sourceTree = "<group>"; };
		9A860FE2253B3D0D00F04F27 /* ServiceErrorHandler.swift */ = {isa = PBXFileReference; lastKnownFileType = sourcecode.swift; path = ServiceErrorHandler.swift; sourceTree = "<group>"; };
		9A860FE8253B3E0800F04F27 /* ErrorModel.swift */ = {isa = PBXFileReference; lastKnownFileType = sourcecode.swift; path = ErrorModel.swift; sourceTree = "<group>"; };
		9A860FF7253B46DA00F04F27 /* ArticlesRepository.swift */ = {isa = PBXFileReference; lastKnownFileType = sourcecode.swift; path = ArticlesRepository.swift; sourceTree = "<group>"; };
		9A860FFC253B471D00F04F27 /* ArticlesRepositoryProtocol.swift */ = {isa = PBXFileReference; lastKnownFileType = sourcecode.swift; path = ArticlesRepositoryProtocol.swift; sourceTree = "<group>"; };
		9A861004253B4C3A00F04F27 /* Interactor.swift */ = {isa = PBXFileReference; lastKnownFileType = sourcecode.swift; path = Interactor.swift; sourceTree = "<group>"; };
		9A86100A253B4CAD00F04F27 /* ArticlesInteractor.swift */ = {isa = PBXFileReference; lastKnownFileType = sourcecode.swift; path = ArticlesInteractor.swift; sourceTree = "<group>"; };
		9A861017253B553A00F04F27 /* ListArticlesViewController.swift */ = {isa = PBXFileReference; lastKnownFileType = sourcecode.swift; path = ListArticlesViewController.swift; sourceTree = "<group>"; };
		9A86101C253B565700F04F27 /* ListArticlesConfigure.swift */ = {isa = PBXFileReference; lastKnownFileType = sourcecode.swift; path = ListArticlesConfigure.swift; sourceTree = "<group>"; };
		9A861021253B56A200F04F27 /* ListArticlesPresenter.swift */ = {isa = PBXFileReference; lastKnownFileType = sourcecode.swift; path = ListArticlesPresenter.swift; sourceTree = "<group>"; };
		9A861026253B56D000F04F27 /* ListArticlesRouter.swift */ = {isa = PBXFileReference; lastKnownFileType = sourcecode.swift; path = ListArticlesRouter.swift; sourceTree = "<group>"; };
/* End PBXFileReference section */

/* Begin PBXFrameworksBuildPhase section */
		9A860F27253A8BED00F04F27 /* Frameworks */ = {
			isa = PBXFrameworksBuildPhase;
			buildActionMask = 2147483647;
			files = (
				9A860F8D253AA4E900F04F27 /* Alamofire in Frameworks */,
			);
			runOnlyForDeploymentPostprocessing = 0;
		};
		9A860F40253A8BF000F04F27 /* Frameworks */ = {
			isa = PBXFrameworksBuildPhase;
			buildActionMask = 2147483647;
			files = (
			);
			runOnlyForDeploymentPostprocessing = 0;
		};
		9A860F4B253A8BF000F04F27 /* Frameworks */ = {
			isa = PBXFrameworksBuildPhase;
			buildActionMask = 2147483647;
			files = (
			);
			runOnlyForDeploymentPostprocessing = 0;
		};
/* End PBXFrameworksBuildPhase section */

/* Begin PBXGroup section */
		9A860F21253A8BED00F04F27 = {
			isa = PBXGroup;
			children = (
				9A860F2C253A8BED00F04F27 /* JRListArticle */,
				9A860F64253A990800F04F27 /* Domain */,
				9A860F63253A98F800F04F27 /* Data */,
				9A860F46253A8BF000F04F27 /* JRListArticleTests */,
				9A860F51253A8BF000F04F27 /* JRListArticleUITests */,
				9A860F2B253A8BED00F04F27 /* Products */,
			);
			sourceTree = "<group>";
		};
		9A860F2B253A8BED00F04F27 /* Products */ = {
			isa = PBXGroup;
			children = (
				9A860F2A253A8BED00F04F27 /* JRListArticle.app */,
				9A860F43253A8BF000F04F27 /* JRListArticleTests.xctest */,
				9A860F4E253A8BF000F04F27 /* JRListArticleUITests.xctest */,
			);
			name = Products;
			sourceTree = "<group>";
		};
		9A860F2C253A8BED00F04F27 /* JRListArticle */ = {
			isa = PBXGroup;
			children = (
				9A86100F253B548900F04F27 /* Presentation */,
				9A860F2D253A8BED00F04F27 /* AppDelegate.swift */,
				9A860F2F253A8BED00F04F27 /* SceneDelegate.swift */,
				9A860F31253A8BED00F04F27 /* ViewController.swift */,
				9A860F33253A8BED00F04F27 /* Main.storyboard */,
				9A860F39253A8BF000F04F27 /* Assets.xcassets */,
				9A860F3B253A8BF000F04F27 /* LaunchScreen.storyboard */,
				9A860F3E253A8BF000F04F27 /* Info.plist */,
				9A860F36253A8BED00F04F27 /* JRListArticle.xcdatamodeld */,
			);
			path = JRListArticle;
			sourceTree = "<group>";
		};
		9A860F46253A8BF000F04F27 /* JRListArticleTests */ = {
			isa = PBXGroup;
			children = (
				9A860F47253A8BF000F04F27 /* JRListArticleTests.swift */,
				9A860F49253A8BF000F04F27 /* Info.plist */,
			);
			path = JRListArticleTests;
			sourceTree = "<group>";
		};
		9A860F51253A8BF000F04F27 /* JRListArticleUITests */ = {
			isa = PBXGroup;
			children = (
				9A860F52253A8BF000F04F27 /* JRListArticleUITests.swift */,
				9A860F54253A8BF000F04F27 /* Info.plist */,
			);
			path = JRListArticleUITests;
			sourceTree = "<group>";
		};
		9A860F63253A98F800F04F27 /* Data */ = {
			isa = PBXGroup;
			children = (
				9A860F76253A99BF00F04F27 /* Util */,
				9A860F74253A99A000F04F27 /* Entity */,
				9A860F75253A99B300F04F27 /* DataSource */,
				9A860F73253A999600F04F27 /* Repository */,
			);
			path = Data;
			sourceTree = "<group>";
		};
		9A860F64253A990800F04F27 /* Domain */ = {
			isa = PBXGroup;
			children = (
				9A860F67253A993600F04F27 /* Model */,
				9A860F66253A992E00F04F27 /* Interactor */,
				9A860F65253A992700F04F27 /* Repository */,
			);
			path = Domain;
			sourceTree = "<group>";
		};
		9A860F65253A992700F04F27 /* Repository */ = {
			isa = PBXGroup;
			children = (
				9A860FFC253B471D00F04F27 /* ArticlesRepositoryProtocol.swift */,
			);
			path = Repository;
			sourceTree = "<group>";
		};
		9A860F66253A992E00F04F27 /* Interactor */ = {
			isa = PBXGroup;
			children = (
				9A861004253B4C3A00F04F27 /* Interactor.swift */,
				9A861009253B4C9200F04F27 /* Services */,
			);
			path = Interactor;
			sourceTree = "<group>";
		};
		9A860F67253A993600F04F27 /* Model */ = {
			isa = PBXGroup;
			children = (
				9A860FE7253B3D8E00F04F27 /* ErrorModel */,
				9A860F68253A994300F04F27 /* ListArticles */,
			);
			path = Model;
			sourceTree = "<group>";
		};
		9A860F68253A994300F04F27 /* ListArticles */ = {
			isa = PBXGroup;
			children = (
				9A860F69253A995800F04F27 /* ArticleModel.swift */,
				9A860F6E253A996100F04F27 /* HitModel.swift */,
			);
			path = ListArticles;
			sourceTree = "<group>";
		};
		9A860F73253A999600F04F27 /* Repository */ = {
			isa = PBXGroup;
			children = (
				9A860FF7253B46DA00F04F27 /* ArticlesRepository.swift */,
			);
			path = Repository;
			sourceTree = "<group>";
		};
		9A860F74253A99A000F04F27 /* Entity */ = {
			isa = PBXGroup;
			children = (
				9A860FF0253B409200F04F27 /* ErrorEntity */,
				9A860F77253A99EA00F04F27 /* ListArticles */,
				9A860FDD253B388800F04F27 /* BaseResponseEntity.swift */,
			);
			path = Entity;
			sourceTree = "<group>";
		};
		9A860F75253A99B300F04F27 /* DataSource */ = {
			isa = PBXGroup;
			children = (
				9A860F91253AA72A00F04F27 /* Network */,
			);
			path = DataSource;
			sourceTree = "<group>";
		};
		9A860F76253A99BF00F04F27 /* Util */ = {
			isa = PBXGroup;
			children = (
			);
			path = Util;
			sourceTree = "<group>";
		};
		9A860F77253A99EA00F04F27 /* ListArticles */ = {
			isa = PBXGroup;
			children = (
				9A860F78253A9A0B00F04F27 /* ArticleEntity.swift */,
				9A860F80253A9A1900F04F27 /* HitEntity.swift */,
			);
			path = ListArticles;
			sourceTree = "<group>";
		};
		9A860F91253AA72A00F04F27 /* Network */ = {
			isa = PBXGroup;
			children = (
				9A860FA9253B26BC00F04F27 /* Request */,
				9A860FCF253B347F00F04F27 /* Responses */,
				9A860FC6253B2F9E00F04F27 /* Implementation */,
				9A860FC0253B2EE600F04F27 /* Protocols */,
				9A860F9B253AA90700F04F27 /* Setup */,
				9A860F92253AA73200F04F27 /* Rechability */,
			);
			path = Network;
			sourceTree = "<group>";
		};
		9A860F92253AA73200F04F27 /* Rechability */ = {
			isa = PBXGroup;
			children = (
				9A860F93253AA75300F04F27 /* Rechability.swift */,
			);
			path = Rechability;
			sourceTree = "<group>";
		};
		9A860F9B253AA90700F04F27 /* Setup */ = {
			isa = PBXGroup;
			children = (
				9A860F9C253B21BC00F04F27 /* TimberjackHelper.swift */,
				9A860FA4253B23DE00F04F27 /* Configuration.swift */,
			);
			path = Setup;
			sourceTree = "<group>";
		};
		9A860FA9253B26BC00F04F27 /* Request */ = {
			isa = PBXGroup;
			children = (
				9A860FB5253B283700F04F27 /* Requestprotocol.swift */,
				9A860FB0253B279F00F04F27 /* HeadersRequest.swift */,
				9A860FAA253B26D100F04F27 /* ListArticles */,
			);
			path = Request;
			sourceTree = "<group>";
		};
		9A860FAA253B26D100F04F27 /* ListArticles */ = {
			isa = PBXGroup;
			children = (
				9A860FAB253B277D00F04F27 /* ArticleRequest.swift */,
			);
			path = ListArticles;
			sourceTree = "<group>";
		};
		9A860FC0253B2EE600F04F27 /* Protocols */ = {
			isa = PBXGroup;
			children = (
				9A860FC1253B2F0300F04F27 /* ServiceDataSourceProtocol.swift */,
			);
			path = Protocols;
			sourceTree = "<group>";
		};
		9A860FC6253B2F9E00F04F27 /* Implementation */ = {
			isa = PBXGroup;
			children = (
				9A860FC7253B2FC300F04F27 /* ServiceDataSource.swift */,
			);
			path = Implementation;
			sourceTree = "<group>";
		};
		9A860FCF253B347F00F04F27 /* Responses */ = {
			isa = PBXGroup;
			children = (
				9A860FD0253B35D800F04F27 /* Error */,
			);
			path = Responses;
			sourceTree = "<group>";
		};
		9A860FD0253B35D800F04F27 /* Error */ = {
			isa = PBXGroup;
			children = (
				9A860FE2253B3D0D00F04F27 /* ServiceErrorHandler.swift */,
			);
			path = Error;
			sourceTree = "<group>";
		};
		9A860FD6253B371000F04F27 /* Resources */ = {
			isa = PBXGroup;
			children = (
				9A860FD7253B372700F04F27 /* Localizable */,
			);
			path = Resources;
			sourceTree = "<group>";
		};
		9A860FD7253B372700F04F27 /* Localizable */ = {
			isa = PBXGroup;
			children = (
				9A860FD8253B374C00F04F27 /* Localizable.strings */,
			);
			path = Localizable;
			sourceTree = "<group>";
		};
		9A860FE7253B3D8E00F04F27 /* ErrorModel */ = {
			isa = PBXGroup;
			children = (
				9A860FE8253B3E0800F04F27 /* ErrorModel.swift */,
			);
			path = ErrorModel;
			sourceTree = "<group>";
		};
		9A860FF0253B409200F04F27 /* ErrorEntity */ = {
			isa = PBXGroup;
			children = (
				9A860FD1253B35F200F04F27 /* ErrorEntity.swift */,
			);
			path = ErrorEntity;
			sourceTree = "<group>";
		};
		9A861009253B4C9200F04F27 /* Services */ = {
			isa = PBXGroup;
			children = (
				9A86100A253B4CAD00F04F27 /* ArticlesInteractor.swift */,
			);
			path = Services;
			sourceTree = "<group>";
		};
		9A86100F253B548900F04F27 /* Presentation */ = {
			isa = PBXGroup;
			children = (
				9A861010253B549F00F04F27 /* ListArticles */,
				9A860FD6253B371000F04F27 /* Resources */,
			);
			path = Presentation;
			sourceTree = "<group>";
		};
		9A861010253B549F00F04F27 /* ListArticles */ = {
			isa = PBXGroup;
			children = (
				9A861013253B54E700F04F27 /* Router */,
				9A861012253B54E100F04F27 /* Presenter */,
				9A861011253B54D400F04F27 /* View */,
			);
			path = ListArticles;
			sourceTree = "<group>";
		};
		9A861011253B54D400F04F27 /* View */ = {
			isa = PBXGroup;
			children = (
				9A861016253B550F00F04F27 /* Configurator */,
				9A861015253B550800F04F27 /* Controller */,
				9A861014253B54F800F04F27 /* ViewData */,
			);
			path = View;
			sourceTree = "<group>";
		};
		9A861012253B54E100F04F27 /* Presenter */ = {
			isa = PBXGroup;
			children = (
				9A861021253B56A200F04F27 /* ListArticlesPresenter.swift */,
			);
			path = Presenter;
			sourceTree = "<group>";
		};
		9A861013253B54E700F04F27 /* Router */ = {
			isa = PBXGroup;
			children = (
				9A861026253B56D000F04F27 /* ListArticlesRouter.swift */,
			);
			path = Router;
			sourceTree = "<group>";
		};
		9A861014253B54F800F04F27 /* ViewData */ = {
			isa = PBXGroup;
			children = (
			);
			path = ViewData;
			sourceTree = "<group>";
		};
		9A861015253B550800F04F27 /* Controller */ = {
			isa = PBXGroup;
			children = (
				9A861017253B553A00F04F27 /* ListArticlesViewController.swift */,
			);
			path = Controller;
			sourceTree = "<group>";
		};
		9A861016253B550F00F04F27 /* Configurator */ = {
			isa = PBXGroup;
			children = (
				9A86101C253B565700F04F27 /* ListArticlesConfigure.swift */,
			);
			path = Configurator;
			sourceTree = "<group>";
		};
/* End PBXGroup section */

/* Begin PBXNativeTarget section */
		9A860F29253A8BED00F04F27 /* JRListArticle */ = {
			isa = PBXNativeTarget;
			buildConfigurationList = 9A860F57253A8BF000F04F27 /* Build configuration list for PBXNativeTarget "JRListArticle" */;
			buildPhases = (
				9A860F26253A8BED00F04F27 /* Sources */,
				9A860F27253A8BED00F04F27 /* Frameworks */,
				9A860F28253A8BED00F04F27 /* Resources */,
			);
			buildRules = (
			);
			dependencies = (
			);
			name = JRListArticle;
			packageProductDependencies = (
				9A860F8C253AA4E900F04F27 /* Alamofire */,
			);
			productName = JRListArticle;
			productReference = 9A860F2A253A8BED00F04F27 /* JRListArticle.app */;
			productType = "com.apple.product-type.application";
		};
		9A860F42253A8BF000F04F27 /* JRListArticleTests */ = {
			isa = PBXNativeTarget;
			buildConfigurationList = 9A860F5A253A8BF000F04F27 /* Build configuration list for PBXNativeTarget "JRListArticleTests" */;
			buildPhases = (
				9A860F3F253A8BF000F04F27 /* Sources */,
				9A860F40253A8BF000F04F27 /* Frameworks */,
				9A860F41253A8BF000F04F27 /* Resources */,
			);
			buildRules = (
			);
			dependencies = (
				9A860F45253A8BF000F04F27 /* PBXTargetDependency */,
			);
			name = JRListArticleTests;
			productName = JRListArticleTests;
			productReference = 9A860F43253A8BF000F04F27 /* JRListArticleTests.xctest */;
			productType = "com.apple.product-type.bundle.unit-test";
		};
		9A860F4D253A8BF000F04F27 /* JRListArticleUITests */ = {
			isa = PBXNativeTarget;
			buildConfigurationList = 9A860F5D253A8BF000F04F27 /* Build configuration list for PBXNativeTarget "JRListArticleUITests" */;
			buildPhases = (
				9A860F4A253A8BF000F04F27 /* Sources */,
				9A860F4B253A8BF000F04F27 /* Frameworks */,
				9A860F4C253A8BF000F04F27 /* Resources */,
			);
			buildRules = (
			);
			dependencies = (
				9A860F50253A8BF000F04F27 /* PBXTargetDependency */,
			);
			name = JRListArticleUITests;
			productName = JRListArticleUITests;
			productReference = 9A860F4E253A8BF000F04F27 /* JRListArticleUITests.xctest */;
			productType = "com.apple.product-type.bundle.ui-testing";
		};
/* End PBXNativeTarget section */

/* Begin PBXProject section */
		9A860F22253A8BED00F04F27 /* Project object */ = {
			isa = PBXProject;
			attributes = {
				LastSwiftUpdateCheck = 1200;
				LastUpgradeCheck = 1200;
				TargetAttributes = {
					9A860F29253A8BED00F04F27 = {
						CreatedOnToolsVersion = 12.0.1;
					};
					9A860F42253A8BF000F04F27 = {
						CreatedOnToolsVersion = 12.0.1;
						TestTargetID = 9A860F29253A8BED00F04F27;
					};
					9A860F4D253A8BF000F04F27 = {
						CreatedOnToolsVersion = 12.0.1;
						TestTargetID = 9A860F29253A8BED00F04F27;
					};
				};
			};
			buildConfigurationList = 9A860F25253A8BED00F04F27 /* Build configuration list for PBXProject "JRListArticle" */;
			compatibilityVersion = "Xcode 9.3";
			developmentRegion = en;
			hasScannedForEncodings = 0;
			knownRegions = (
				en,
				Base,
			);
			mainGroup = 9A860F21253A8BED00F04F27;
			packageReferences = (
				9A860F8B253AA4E900F04F27 /* XCRemoteSwiftPackageReference "Alamofire" */,
			);
			productRefGroup = 9A860F2B253A8BED00F04F27 /* Products */;
			projectDirPath = "";
			projectRoot = "";
			targets = (
				9A860F29253A8BED00F04F27 /* JRListArticle */,
				9A860F42253A8BF000F04F27 /* JRListArticleTests */,
				9A860F4D253A8BF000F04F27 /* JRListArticleUITests */,
			);
		};
/* End PBXProject section */

/* Begin PBXResourcesBuildPhase section */
		9A860F28253A8BED00F04F27 /* Resources */ = {
			isa = PBXResourcesBuildPhase;
			buildActionMask = 2147483647;
			files = (
				9A860F3D253A8BF000F04F27 /* LaunchScreen.storyboard in Resources */,
				9A860FD9253B374C00F04F27 /* Localizable.strings in Resources */,
				9A860F3A253A8BF000F04F27 /* Assets.xcassets in Resources */,
				9A860F35253A8BED00F04F27 /* Main.storyboard in Resources */,
			);
			runOnlyForDeploymentPostprocessing = 0;
		};
		9A860F41253A8BF000F04F27 /* Resources */ = {
			isa = PBXResourcesBuildPhase;
			buildActionMask = 2147483647;
			files = (
			);
			runOnlyForDeploymentPostprocessing = 0;
		};
		9A860F4C253A8BF000F04F27 /* Resources */ = {
			isa = PBXResourcesBuildPhase;
			buildActionMask = 2147483647;
			files = (
			);
			runOnlyForDeploymentPostprocessing = 0;
		};
/* End PBXResourcesBuildPhase section */

/* Begin PBXSourcesBuildPhase section */
		9A860F26253A8BED00F04F27 /* Sources */ = {
			isa = PBXSourcesBuildPhase;
			buildActionMask = 2147483647;
			files = (
				9A860F32253A8BED00F04F27 /* ViewController.swift in Sources */,
				9A860FB1253B279F00F04F27 /* HeadersRequest.swift in Sources */,
				9A860FC2253B2F0300F04F27 /* ServiceDataSourceProtocol.swift in Sources */,
				9A860FF8253B46DA00F04F27 /* ArticlesRepository.swift in Sources */,
				9A860F6A253A995800F04F27 /* ArticleModel.swift in Sources */,
				9A860F81253A9A1900F04F27 /* HitEntity.swift in Sources */,
				9A860F2E253A8BED00F04F27 /* AppDelegate.swift in Sources */,
				9A861027253B56D000F04F27 /* ListArticlesRouter.swift in Sources */,
				9A860F6F253A996100F04F27 /* HitModel.swift in Sources */,
				9A860F9D253B21BC00F04F27 /* TimberjackHelper.swift in Sources */,
				9A860FD2253B35F200F04F27 /* ErrorEntity.swift in Sources */,
				9A861022253B56A200F04F27 /* ListArticlesPresenter.swift in Sources */,
				9A861005253B4C3A00F04F27 /* Interactor.swift in Sources */,
				9A860F38253A8BED00F04F27 /* JRListArticle.xcdatamodeld in Sources */,
				9A860FE3253B3D0D00F04F27 /* ServiceErrorHandler.swift in Sources */,
				9A860F94253AA75300F04F27 /* Rechability.swift in Sources */,
				9A860FAC253B277D00F04F27 /* ArticleRequest.swift in Sources */,
				9A860F79253A9A0B00F04F27 /* ArticleEntity.swift in Sources */,
				9A860F30253A8BED00F04F27 /* SceneDelegate.swift in Sources */,
				9A860FFD253B471D00F04F27 /* ArticlesRepositoryProtocol.swift in Sources */,
				9A860FE9253B3E0800F04F27 /* ErrorModel.swift in Sources */,
				9A860FA5253B23DE00F04F27 /* Configuration.swift in Sources */,
				9A860FC8253B2FC300F04F27 /* ServiceDataSource.swift in Sources */,
				9A86100B253B4CAD00F04F27 /* ArticlesInteractor.swift in Sources */,
				9A861018253B553A00F04F27 /* ListArticlesViewController.swift in Sources */,
				9A860FDE253B388800F04F27 /* BaseResponseEntity.swift in Sources */,
				9A860FB6253B283700F04F27 /* Requestprotocol.swift in Sources */,
				9A86101D253B565700F04F27 /* ListArticlesConfigure.swift in Sources */,
			);
			runOnlyForDeploymentPostprocessing = 0;
		};
		9A860F3F253A8BF000F04F27 /* Sources */ = {
			isa = PBXSourcesBuildPhase;
			buildActionMask = 2147483647;
			files = (
				9A860F48253A8BF000F04F27 /* JRListArticleTests.swift in Sources */,
			);
			runOnlyForDeploymentPostprocessing = 0;
		};
		9A860F4A253A8BF000F04F27 /* Sources */ = {
			isa = PBXSourcesBuildPhase;
			buildActionMask = 2147483647;
			files = (
				9A860F53253A8BF000F04F27 /* JRListArticleUITests.swift in Sources */,
			);
			runOnlyForDeploymentPostprocessing = 0;
		};
/* End PBXSourcesBuildPhase section */

/* Begin PBXTargetDependency section */
		9A860F45253A8BF000F04F27 /* PBXTargetDependency */ = {
			isa = PBXTargetDependency;
			target = 9A860F29253A8BED00F04F27 /* JRListArticle */;
			targetProxy = 9A860F44253A8BF000F04F27 /* PBXContainerItemProxy */;
		};
		9A860F50253A8BF000F04F27 /* PBXTargetDependency */ = {
			isa = PBXTargetDependency;
			target = 9A860F29253A8BED00F04F27 /* JRListArticle */;
			targetProxy = 9A860F4F253A8BF000F04F27 /* PBXContainerItemProxy */;
		};
/* End PBXTargetDependency section */

/* Begin PBXVariantGroup section */
		9A860F33253A8BED00F04F27 /* Main.storyboard */ = {
			isa = PBXVariantGroup;
			children = (
				9A860F34253A8BED00F04F27 /* Base */,
			);
			name = Main.storyboard;
			sourceTree = "<group>";
		};
		9A860F3B253A8BF000F04F27 /* LaunchScreen.storyboard */ = {
			isa = PBXVariantGroup;
			children = (
				9A860F3C253A8BF000F04F27 /* Base */,
			);
			name = LaunchScreen.storyboard;
			sourceTree = "<group>";
		};
/* End PBXVariantGroup section */

/* Begin XCBuildConfiguration section */
		9A860F55253A8BF000F04F27 /* Debug */ = {
			isa = XCBuildConfiguration;
			buildSettings = {
				ALWAYS_SEARCH_USER_PATHS = NO;
				CLANG_ANALYZER_NONNULL = YES;
				CLANG_ANALYZER_NUMBER_OBJECT_CONVERSION = YES_AGGRESSIVE;
				CLANG_CXX_LANGUAGE_STANDARD = "gnu++14";
				CLANG_CXX_LIBRARY = "libc++";
				CLANG_ENABLE_MODULES = YES;
				CLANG_ENABLE_OBJC_ARC = YES;
				CLANG_ENABLE_OBJC_WEAK = YES;
				CLANG_WARN_BLOCK_CAPTURE_AUTORELEASING = YES;
				CLANG_WARN_BOOL_CONVERSION = YES;
				CLANG_WARN_COMMA = YES;
				CLANG_WARN_CONSTANT_CONVERSION = YES;
				CLANG_WARN_DEPRECATED_OBJC_IMPLEMENTATIONS = YES;
				CLANG_WARN_DIRECT_OBJC_ISA_USAGE = YES_ERROR;
				CLANG_WARN_DOCUMENTATION_COMMENTS = YES;
				CLANG_WARN_EMPTY_BODY = YES;
				CLANG_WARN_ENUM_CONVERSION = YES;
				CLANG_WARN_INFINITE_RECURSION = YES;
				CLANG_WARN_INT_CONVERSION = YES;
				CLANG_WARN_NON_LITERAL_NULL_CONVERSION = YES;
				CLANG_WARN_OBJC_IMPLICIT_RETAIN_SELF = YES;
				CLANG_WARN_OBJC_LITERAL_CONVERSION = YES;
				CLANG_WARN_OBJC_ROOT_CLASS = YES_ERROR;
				CLANG_WARN_QUOTED_INCLUDE_IN_FRAMEWORK_HEADER = YES;
				CLANG_WARN_RANGE_LOOP_ANALYSIS = YES;
				CLANG_WARN_STRICT_PROTOTYPES = YES;
				CLANG_WARN_SUSPICIOUS_MOVE = YES;
				CLANG_WARN_UNGUARDED_AVAILABILITY = YES_AGGRESSIVE;
				CLANG_WARN_UNREACHABLE_CODE = YES;
				CLANG_WARN__DUPLICATE_METHOD_MATCH = YES;
				COPY_PHASE_STRIP = NO;
				DEBUG_INFORMATION_FORMAT = dwarf;
				ENABLE_STRICT_OBJC_MSGSEND = YES;
				ENABLE_TESTABILITY = YES;
				GCC_C_LANGUAGE_STANDARD = gnu11;
				GCC_DYNAMIC_NO_PIC = NO;
				GCC_NO_COMMON_BLOCKS = YES;
				GCC_OPTIMIZATION_LEVEL = 0;
				GCC_PREPROCESSOR_DEFINITIONS = (
					"DEBUG=1",
					"$(inherited)",
				);
				GCC_WARN_64_TO_32_BIT_CONVERSION = YES;
				GCC_WARN_ABOUT_RETURN_TYPE = YES_ERROR;
				GCC_WARN_UNDECLARED_SELECTOR = YES;
				GCC_WARN_UNINITIALIZED_AUTOS = YES_AGGRESSIVE;
				GCC_WARN_UNUSED_FUNCTION = YES;
				GCC_WARN_UNUSED_VARIABLE = YES;
				IPHONEOS_DEPLOYMENT_TARGET = 14.0;
				MTL_ENABLE_DEBUG_INFO = INCLUDE_SOURCE;
				MTL_FAST_MATH = YES;
				ONLY_ACTIVE_ARCH = YES;
				SDKROOT = iphoneos;
				SWIFT_ACTIVE_COMPILATION_CONDITIONS = DEBUG;
				SWIFT_OPTIMIZATION_LEVEL = "-Onone";
			};
			name = Debug;
		};
		9A860F56253A8BF000F04F27 /* Release */ = {
			isa = XCBuildConfiguration;
			buildSettings = {
				ALWAYS_SEARCH_USER_PATHS = NO;
				CLANG_ANALYZER_NONNULL = YES;
				CLANG_ANALYZER_NUMBER_OBJECT_CONVERSION = YES_AGGRESSIVE;
				CLANG_CXX_LANGUAGE_STANDARD = "gnu++14";
				CLANG_CXX_LIBRARY = "libc++";
				CLANG_ENABLE_MODULES = YES;
				CLANG_ENABLE_OBJC_ARC = YES;
				CLANG_ENABLE_OBJC_WEAK = YES;
				CLANG_WARN_BLOCK_CAPTURE_AUTORELEASING = YES;
				CLANG_WARN_BOOL_CONVERSION = YES;
				CLANG_WARN_COMMA = YES;
				CLANG_WARN_CONSTANT_CONVERSION = YES;
				CLANG_WARN_DEPRECATED_OBJC_IMPLEMENTATIONS = YES;
				CLANG_WARN_DIRECT_OBJC_ISA_USAGE = YES_ERROR;
				CLANG_WARN_DOCUMENTATION_COMMENTS = YES;
				CLANG_WARN_EMPTY_BODY = YES;
				CLANG_WARN_ENUM_CONVERSION = YES;
				CLANG_WARN_INFINITE_RECURSION = YES;
				CLANG_WARN_INT_CONVERSION = YES;
				CLANG_WARN_NON_LITERAL_NULL_CONVERSION = YES;
				CLANG_WARN_OBJC_IMPLICIT_RETAIN_SELF = YES;
				CLANG_WARN_OBJC_LITERAL_CONVERSION = YES;
				CLANG_WARN_OBJC_ROOT_CLASS = YES_ERROR;
				CLANG_WARN_QUOTED_INCLUDE_IN_FRAMEWORK_HEADER = YES;
				CLANG_WARN_RANGE_LOOP_ANALYSIS = YES;
				CLANG_WARN_STRICT_PROTOTYPES = YES;
				CLANG_WARN_SUSPICIOUS_MOVE = YES;
				CLANG_WARN_UNGUARDED_AVAILABILITY = YES_AGGRESSIVE;
				CLANG_WARN_UNREACHABLE_CODE = YES;
				CLANG_WARN__DUPLICATE_METHOD_MATCH = YES;
				COPY_PHASE_STRIP = NO;
				DEBUG_INFORMATION_FORMAT = "dwarf-with-dsym";
				ENABLE_NS_ASSERTIONS = NO;
				ENABLE_STRICT_OBJC_MSGSEND = YES;
				GCC_C_LANGUAGE_STANDARD = gnu11;
				GCC_NO_COMMON_BLOCKS = YES;
				GCC_WARN_64_TO_32_BIT_CONVERSION = YES;
				GCC_WARN_ABOUT_RETURN_TYPE = YES_ERROR;
				GCC_WARN_UNDECLARED_SELECTOR = YES;
				GCC_WARN_UNINITIALIZED_AUTOS = YES_AGGRESSIVE;
				GCC_WARN_UNUSED_FUNCTION = YES;
				GCC_WARN_UNUSED_VARIABLE = YES;
				IPHONEOS_DEPLOYMENT_TARGET = 14.0;
				MTL_ENABLE_DEBUG_INFO = NO;
				MTL_FAST_MATH = YES;
				SDKROOT = iphoneos;
				SWIFT_COMPILATION_MODE = wholemodule;
				SWIFT_OPTIMIZATION_LEVEL = "-O";
				VALIDATE_PRODUCT = YES;
			};
			name = Release;
		};
		9A860F58253A8BF000F04F27 /* Debug */ = {
			isa = XCBuildConfiguration;
			buildSettings = {
				ASSETCATALOG_COMPILER_APPICON_NAME = AppIcon;
				ASSETCATALOG_COMPILER_GLOBAL_ACCENT_COLOR_NAME = AccentColor;
				CODE_SIGN_STYLE = Automatic;
				DEVELOPMENT_TEAM = 4Z543ZW5NX;
				INFOPLIST_FILE = JRListArticle/Info.plist;
				LD_RUNPATH_SEARCH_PATHS = (
					"$(inherited)",
					"@executable_path/Frameworks",
				);
				PRODUCT_BUNDLE_IDENTIFIER = com.jhonatahan.JRListArticle;
				PRODUCT_NAME = "$(TARGET_NAME)";
				SWIFT_VERSION = 5.0;
				TARGETED_DEVICE_FAMILY = "1,2";
			};
			name = Debug;
		};
		9A860F59253A8BF000F04F27 /* Release */ = {
			isa = XCBuildConfiguration;
			buildSettings = {
				ASSETCATALOG_COMPILER_APPICON_NAME = AppIcon;
				ASSETCATALOG_COMPILER_GLOBAL_ACCENT_COLOR_NAME = AccentColor;
				CODE_SIGN_STYLE = Automatic;
				DEVELOPMENT_TEAM = 4Z543ZW5NX;
				INFOPLIST_FILE = JRListArticle/Info.plist;
				LD_RUNPATH_SEARCH_PATHS = (
					"$(inherited)",
					"@executable_path/Frameworks",
				);
				PRODUCT_BUNDLE_IDENTIFIER = com.jhonatahan.JRListArticle;
				PRODUCT_NAME = "$(TARGET_NAME)";
				SWIFT_VERSION = 5.0;
				TARGETED_DEVICE_FAMILY = "1,2";
			};
			name = Release;
		};
		9A860F5B253A8BF000F04F27 /* Debug */ = {
			isa = XCBuildConfiguration;
			buildSettings = {
				ALWAYS_EMBED_SWIFT_STANDARD_LIBRARIES = YES;
				BUNDLE_LOADER = "$(TEST_HOST)";
				CODE_SIGN_STYLE = Automatic;
				DEVELOPMENT_TEAM = 4Z543ZW5NX;
				INFOPLIST_FILE = JRListArticleTests/Info.plist;
				IPHONEOS_DEPLOYMENT_TARGET = 14.0;
				LD_RUNPATH_SEARCH_PATHS = (
					"$(inherited)",
					"@executable_path/Frameworks",
					"@loader_path/Frameworks",
				);
				PRODUCT_BUNDLE_IDENTIFIER = com.jhonatahan.JRListArticleTests;
				PRODUCT_NAME = "$(TARGET_NAME)";
				SWIFT_VERSION = 5.0;
				TARGETED_DEVICE_FAMILY = "1,2";
				TEST_HOST = "$(BUILT_PRODUCTS_DIR)/JRListArticle.app/JRListArticle";
			};
			name = Debug;
		};
		9A860F5C253A8BF000F04F27 /* Release */ = {
			isa = XCBuildConfiguration;
			buildSettings = {
				ALWAYS_EMBED_SWIFT_STANDARD_LIBRARIES = YES;
				BUNDLE_LOADER = "$(TEST_HOST)";
				CODE_SIGN_STYLE = Automatic;
				DEVELOPMENT_TEAM = 4Z543ZW5NX;
				INFOPLIST_FILE = JRListArticleTests/Info.plist;
				IPHONEOS_DEPLOYMENT_TARGET = 14.0;
				LD_RUNPATH_SEARCH_PATHS = (
					"$(inherited)",
					"@executable_path/Frameworks",
					"@loader_path/Frameworks",
				);
				PRODUCT_BUNDLE_IDENTIFIER = com.jhonatahan.JRListArticleTests;
				PRODUCT_NAME = "$(TARGET_NAME)";
				SWIFT_VERSION = 5.0;
				TARGETED_DEVICE_FAMILY = "1,2";
				TEST_HOST = "$(BUILT_PRODUCTS_DIR)/JRListArticle.app/JRListArticle";
			};
			name = Release;
		};
		9A860F5E253A8BF000F04F27 /* Debug */ = {
			isa = XCBuildConfiguration;
			buildSettings = {
				ALWAYS_EMBED_SWIFT_STANDARD_LIBRARIES = YES;
				CODE_SIGN_STYLE = Automatic;
				DEVELOPMENT_TEAM = 4Z543ZW5NX;
				INFOPLIST_FILE = JRListArticleUITests/Info.plist;
				LD_RUNPATH_SEARCH_PATHS = (
					"$(inherited)",
					"@executable_path/Frameworks",
					"@loader_path/Frameworks",
				);
				PRODUCT_BUNDLE_IDENTIFIER = com.jhonatahan.JRListArticleUITests;
				PRODUCT_NAME = "$(TARGET_NAME)";
				SWIFT_VERSION = 5.0;
				TARGETED_DEVICE_FAMILY = "1,2";
				TEST_TARGET_NAME = JRListArticle;
			};
			name = Debug;
		};
		9A860F5F253A8BF000F04F27 /* Release */ = {
			isa = XCBuildConfiguration;
			buildSettings = {
				ALWAYS_EMBED_SWIFT_STANDARD_LIBRARIES = YES;
				CODE_SIGN_STYLE = Automatic;
				DEVELOPMENT_TEAM = 4Z543ZW5NX;
				INFOPLIST_FILE = JRListArticleUITests/Info.plist;
				LD_RUNPATH_SEARCH_PATHS = (
					"$(inherited)",
					"@executable_path/Frameworks",
					"@loader_path/Frameworks",
				);
				PRODUCT_BUNDLE_IDENTIFIER = com.jhonatahan.JRListArticleUITests;
				PRODUCT_NAME = "$(TARGET_NAME)";
				SWIFT_VERSION = 5.0;
				TARGETED_DEVICE_FAMILY = "1,2";
				TEST_TARGET_NAME = JRListArticle;
			};
			name = Release;
		};
/* End XCBuildConfiguration section */

/* Begin XCConfigurationList section */
		9A860F25253A8BED00F04F27 /* Build configuration list for PBXProject "JRListArticle" */ = {
			isa = XCConfigurationList;
			buildConfigurations = (
				9A860F55253A8BF000F04F27 /* Debug */,
				9A860F56253A8BF000F04F27 /* Release */,
			);
			defaultConfigurationIsVisible = 0;
			defaultConfigurationName = Release;
		};
		9A860F57253A8BF000F04F27 /* Build configuration list for PBXNativeTarget "JRListArticle" */ = {
			isa = XCConfigurationList;
			buildConfigurations = (
				9A860F58253A8BF000F04F27 /* Debug */,
				9A860F59253A8BF000F04F27 /* Release */,
			);
			defaultConfigurationIsVisible = 0;
			defaultConfigurationName = Release;
		};
		9A860F5A253A8BF000F04F27 /* Build configuration list for PBXNativeTarget "JRListArticleTests" */ = {
			isa = XCConfigurationList;
			buildConfigurations = (
				9A860F5B253A8BF000F04F27 /* Debug */,
				9A860F5C253A8BF000F04F27 /* Release */,
			);
			defaultConfigurationIsVisible = 0;
			defaultConfigurationName = Release;
		};
		9A860F5D253A8BF000F04F27 /* Build configuration list for PBXNativeTarget "JRListArticleUITests" */ = {
			isa = XCConfigurationList;
			buildConfigurations = (
				9A860F5E253A8BF000F04F27 /* Debug */,
				9A860F5F253A8BF000F04F27 /* Release */,
			);
			defaultConfigurationIsVisible = 0;
			defaultConfigurationName = Release;
		};
/* End XCConfigurationList section */

/* Begin XCRemoteSwiftPackageReference section */
		9A860F8B253AA4E900F04F27 /* XCRemoteSwiftPackageReference "Alamofire" */ = {
			isa = XCRemoteSwiftPackageReference;
			repositoryURL = "https://github.com/Alamofire/Alamofire";
			requirement = {
				kind = exactVersion;
				version = 4.9.0;
			};
		};
/* End XCRemoteSwiftPackageReference section */

/* Begin XCSwiftPackageProductDependency section */
		9A860F8C253AA4E900F04F27 /* Alamofire */ = {
			isa = XCSwiftPackageProductDependency;
			package = 9A860F8B253AA4E900F04F27 /* XCRemoteSwiftPackageReference "Alamofire" */;
			productName = Alamofire;
		};
/* End XCSwiftPackageProductDependency section */

/* Begin XCVersionGroup section */
		9A860F36253A8BED00F04F27 /* JRListArticle.xcdatamodeld */ = {
			isa = XCVersionGroup;
			children = (
				9A860F37253A8BED00F04F27 /* JRListArticle.xcdatamodel */,
			);
			currentVersion = 9A860F37253A8BED00F04F27 /* JRListArticle.xcdatamodel */;
			path = JRListArticle.xcdatamodeld;
			sourceTree = "<group>";
			versionGroupType = wrapper.xcdatamodel;
		};
/* End XCVersionGroup section */
	};
	rootObject = 9A860F22253A8BED00F04F27 /* Project object */;
}
